{
  "plugin_type": "loaders",
  "name": "target-azureblobstorage",
  "namespace": "target_azureblobstorage",
  "variant": "shrutikaponde-vc",
  "label": "Azure Blob Storage",
  "docs": "https://hub.meltano.com/loaders/target-azureblobstorage--shrutikaponde-vc",
  "repo": "https://github.com/shrutikaponde-vc/target-azureblobstorage",
  "pip_url": "git+https://github.com/shrutikaponde-vc/target-azureblobstorage.git",
  "description": "Object Storage",
  "logo_url": "https://hub.meltano.com/assets/logos/loaders/azureblobstorage.png",
  "settings_group_validation": [
    [
      "account_name",
      "account_key",
      "container_name"
    ]
  ],
  "settings": [
    {
      "name": "account_name",
      "label": "Account Name",
      "description": "Your Azure blob storage account name."
    },
    {
      "name": "container_name",
      "label": "Container Name",
      "description": "The name of your Azure blob storage container."
    },
    {
      "name": "account_key",
      "kind": "password",
      "label": "Account Key",
      "description": "Your Azure account key.",
      "sensitive": true
    }
  ]
}